<?xml version="1.0" encoding="utf-8"?>
<Project ToolsVersion="4.0" xmlns="http://schemas.microsoft.com/developer/msbuild/2003">
  <ItemGroup>
    <ClCompile Include="Source File\Main.cpp" />
  </ItemGroup>
  <ItemGroup>
    <ClInclude Include="Source File\Loader\Ascii_Art.h" />
    <ClInclude Include="Source File\Loader\Loader.h" />
  </ItemGroup>
</Project>